// !$*UTF8*$!
{
	archiveVersion = 1;
	classes = {
	};
	objectVersion = 46;
	objects = {

/* Begin PBXBuildFile section */
		42A90A141F6A8B90001577D0 /* AppDelegate.swift in Sources */ = {isa = PBXBuildFile; fileRef = 42A90A131F6A8B90001577D0 /* AppDelegate.swift */; };
		42A90A161F6A8B90001577D0 /* ViewController.swift in Sources */ = {isa = PBXBuildFile; fileRef = 42A90A151F6A8B90001577D0 /* ViewController.swift */; };
		42A90A191F6A8B90001577D0 /* Main.storyboard in Resources */ = {isa = PBXBuildFile; fileRef = 42A90A171F6A8B90001577D0 /* Main.storyboard */; };
		42A90A1B1F6A8B90001577D0 /* Assets.xcassets in Resources */ = {isa = PBXBuildFile; fileRef = 42A90A1A1F6A8B90001577D0 /* Assets.xcassets */; };
		42A90A1E1F6A8B90001577D0 /* LaunchScreen.storyboard in Resources */ = {isa = PBXBuildFile; fileRef = 42A90A1C1F6A8B90001577D0 /* LaunchScreen.storyboard */; };
		42A90A261F6A8EC8001577D0 /* gu.jpg in Resources */ = {isa = PBXBuildFile; fileRef = 42A90A251F6A8EC8001577D0 /* gu.jpg */; };
		42A90A281F6A8ECF001577D0 /* pa.jpg in Resources */ = {isa = PBXBuildFile; fileRef = 42A90A271F6A8ECF001577D0 /* pa.jpg */; };
		42A90A2A1F6A8ED4001577D0 /* choki.jpg in Resources */ = {isa = PBXBuildFile; fileRef = 42A90A291F6A8ED4001577D0 /* choki.jpg */; };
/* End PBXBuildFile section */

/* Begin PBXFileReference section */
		42A90A101F6A8B90001577D0 /* Study_jankenApp.app */ = {isa = PBXFileReference; explicitFileType = wrapper.application; includeInIndex = 0; path = Study_jankenApp.app; sourceTree = BUILT_PRODUCTS_DIR; };
		42A90A131F6A8B90001577D0 /* AppDelegate.swift */ = {isa = PBXFileReference; lastKnownFileType = sourcecode.swift; path = AppDelegate.swift; sourceTree = "<group>"; };
		42A90A151F6A8B90001577D0 /* ViewController.swift */ = {isa = PBXFileReference; lastKnownFileType = sourcecode.swift; path = ViewController.swift; sourceTree = "<group>"; };
		42A90A181F6A8B90001577D0 /* Base */ = {isa = PBXFileReference; lastKnownFileType = file.storyboard; name = Base; path = Base.lproj/Main.storyboard; sourceTree = "<group>"; };
		42A90A1A1F6A8B90001577D0 /* Assets.xcassets */ = {isa = PBXFileReference; lastKnownFileType = folder.assetcatalog; path = Assets.xcassets; sourceTree = "<group>"; };
		42A90A1D1F6A8B90001577D0 /* Base */ = {isa = PBXFileReference; lastKnownFileType = file.storyboard; name = Base; path = Base.lproj/LaunchScreen.storyboard; sourceTree = "<group>"; };
		42A90A1F1F6A8B90001577D0 /* Info.plist */ = {isa = PBXFileReference; lastKnownFileType = text.plist.xml; path = Info.plist; sourceTree = "<group>"; };
		42A90A251F6A8EC8001577D0 /* gu.jpg */ = {isa = PBXFileReference; lastKnownFileType = image.jpeg; name = gu.jpg; path = ../../../../Downloads/gu.jpg; sourceTree = "<group>"; };
		42A90A271F6A8ECF001577D0 /* pa.jpg */ = {isa = PBXFileReference; lastKnownFileType = image.jpeg; name = pa.jpg; path = ../../../../Downloads/pa.jpg; sourceTree = "<group>"; };
		42A90A291F6A8ED4001577D0 /* choki.jpg */ = {isa = PBXFileReference; lastKnownFileType = image.jpeg; name = choki.jpg; path = ../../../../Downloads/choki.jpg; sourceTree = "<group>"; };
/* End PBXFileReference section */

/* Begin PBXFrameworksBuildPhase section */
		42A90A0D1F6A8B90001577D0 /* Frameworks */ = {
			isa = PBXFrameworksBuildPhase;
			buildActionMask = 2147483647;
			files = (
			);
			runOnlyForDeploymentPostprocessing = 0;
		};
/* End PBXFrameworksBuildPhase section */

/* Begin PBXGroup section */
		42A90A071F6A8B90001577D0 = {
			isa = PBXGroup;
			children = (
				42A90A121F6A8B90001577D0 /* Study_jankenApp */,
				42A90A111F6A8B90001577D0 /* Products */,
			);
			sourceTree = "<group>";
		};
		42A90A111F6A8B90001577D0 /* Products */ = {
			isa = PBXGroup;
			children = (
				42A90A101F6A8B90001577D0 /* Study_jankenApp.app */,
			);
			name = Products;
			sourceTree = "<group>";
		};
		42A90A121F6A8B90001577D0 /* Study_jankenApp */ = {
			isa = PBXGroup;
			children = (
				42A90A251F6A8EC8001577D0 /* gu.jpg */,
				42A90A271F6A8ECF001577D0 /* pa.jpg */,
				42A90A291F6A8ED4001577D0 /* choki.jpg */,
				42A90A131F6A8B90001577D0 /* AppDelegate.swift */,
				42A90A151F6A8B90001577D0 /* ViewController.swift */,
				42A90A171F6A8B90001577D0 /* Main.storyboard */,
				42A90A1A1F6A8B90001577D0 /* Assets.xcassets */,
				42A90A1C1F6A8B90001577D0 /* LaunchScreen.storyboard */,
				42A90A1F1F6A8B90001577D0 /* Info.plist */,
			);
			path = Study_jankenApp;
			sourceTree = "<group>";
		};
/* End PBXGroup section */

/* Begin PBXNativeTarget section */
		42A90A0F1F6A8B90001577D0 /* Study_jankenApp */ = {
			isa = PBXNativeTarget;
			buildConfigurationList = 42A90A221F6A8B90001577D0 /* Build configuration list for PBXNativeTarget "Study_jankenApp" */;
			buildPhases = (
				42A90A0C1F6A8B90001577D0 /* Sources */,
				42A90A0D1F6A8B90001577D0 /* Frameworks */,
				42A90A0E1F6A8B90001577D0 /* Resources */,
			);
			buildRules = (
			);
			dependencies = (
			);
			name = Study_jankenApp;
			productName = Study_jankenApp;
			productReference = 42A90A101F6A8B90001577D0 /* Study_jankenApp.app */;
			productType = "com.apple.product-type.application";
		};
/* End PBXNativeTarget section */

/* Begin PBXProject section */
		42A90A081F6A8B90001577D0 /* Project object */ = {
			isa = PBXProject;
			attributes = {
				LastSwiftUpdateCheck = 0830;
				LastUpgradeCheck = 0830;
				ORGANIZATIONNAME = "Daichi Hayashi";
				TargetAttributes = {
					42A90A0F1F6A8B90001577D0 = {
						CreatedOnToolsVersion = 8.3.3;
						ProvisioningStyle = Automatic;
					};
				};
			};
			buildConfigurationList = 42A90A0B1F6A8B90001577D0 /* Build configuration list for PBXProject "Study_jankenApp" */;
			compatibilityVersion = "Xcode 3.2";
			developmentRegion = English;
			hasScannedForEncodings = 0;
			knownRegions = (
				en,
				Base,
			);
			mainGroup = 42A90A071F6A8B90001577D0;
			productRefGroup = 42A90A111F6A8B90001577D0 /* Products */;
			projectDirPath = "";
			projectRoot = "";
			targets = (
				42A90A0F1F6A8B90001577D0 /* Study_jankenApp */,
			);
		};
/* End PBXProject section */

/* Begin PBXResourcesBuildPhase section */
		42A90A0E1F6A8B90001577D0 /* Resources */ = {
			isa = PBXResourcesBuildPhase;
			buildActionMask = 2147483647;
			files = (
				42A90A281F6A8ECF001577D0 /* pa.jpg in Resources */,
				42A90A261F6A8EC8001577D0 /* gu.jpg in Resources */,
				42A90A1E1F6A8B90001577D0 /* LaunchScreen.storyboard in Resources */,
				42A90A1B1F6A8B90001577D0 /* Assets.xcassets in Resources */,
				42A90A2A1F6A8ED4001577D0 /* choki.jpg in Resources */,
				42A90A191F6A8B90001577D0 /* Main.storyboard in Resources */,
			);
			runOnlyForDeploymentPostprocessing = 0;
		};
/* End PBXResourcesBuildPhase section */

/* Begin PBXSourcesBuildPhase section */
		42A90A0C1F6A8B90001577D0 /* Sources */ = {
			isa = PBXSourcesBuildPhase;
			buildActionMask = 2147483647;
			files = (
				42A90A161F6A8B90001577D0 /* ViewController.swift in Sources */,
				42A90A141F6A8B90001577D0 /* AppDelegate.swift in Sources */,
			);
			runOnlyForDeploymentPostprocessing = 0;
		};
/* End PBXSourcesBuildPhase section */

/* Begin PBXVariantGroup section */
		42A90A171F6A8B90001577D0 /* Main.storyboard */ = {
			isa = PBXVariantGroup;
			children = (
				42A90A181F6A8B90001577D0 /* Base */,
			);
			name = Main.storyboard;
			sourceTree = "<group>";
		};
		42A90A1C1F6A8B90001577D0 /* LaunchScreen.storyboard */ = {
			isa = PBXVariantGroup;
			children = (
				42A90A1D1F6A8B90001577D0 /* Base */,
			);
			name = LaunchScreen.storyboard;
			sourceTree = "<group>";
		};
/* End PBXVariantGroup section */

/* Begin XCBuildConfiguration section */
		42A90A201F6A8B90001577D0 /* Debug */ = {
			isa = XCBuildConfiguration;
			buildSettings = {
				ALWAYS_SEARCH_USER_PATHS = NO;
				CLANG_ANALYZER_NONNULL = YES;
				CLANG_ANALYZER_NUMBER_OBJECT_CONVERSION = YES_AGGRESSIVE;
				CLANG_CXX_LANGUAGE_STANDARD = "gnu++0x";
				CLANG_CXX_LIBRARY = "libc++";
				CLANG_ENABLE_MODULES = YES;
				CLANG_ENABLE_OBJC_ARC = YES;
				CLANG_WARN_BOOL_CONVERSION = YES;
				CLANG_WARN_CONSTANT_CONVERSION = YES;
				CLANG_WARN_DIRECT_OBJC_ISA_USAGE = YES_ERROR;
				CLANG_WARN_DOCUMENTATION_COMMENTS = YES;
				CLANG_WARN_EMPTY_BODY = YES;
				CLANG_WARN_ENUM_CONVERSION = YES;
				CLANG_WARN_INFINITE_RECURSION = YES;
				CLANG_WARN_INT_CONVERSION = YES;
				CLANG_WARN_OBJC_ROOT_CLASS = YES_ERROR;
				CLANG_WARN_SUSPICIOUS_MOVE = YES;
				CLANG_WARN_UNREACHABLE_CODE = YES;
				CLANG_WARN__DUPLICATE_METHOD_MATCH = YES;
				"CODE_SIGN_IDENTITY[sdk=iphoneos*]" = "iPhone Developer";
				COPY_PHASE_STRIP = NO;
				DEBUG_INFORMATION_FORMAT = dwarf;
				ENABLE_STRICT_OBJC_MSGSEND = YES;
				ENABLE_TESTABILITY = YES;
				GCC_C_LANGUAGE_STANDARD = gnu99;
				GCC_DYNAMIC_NO_PIC = NO;
				GCC_NO_COMMON_BLOCKS = YES;
				GCC_OPTIMIZATION_LEVEL = 0;
				GCC_PREPROCESSOR_DEFINITIONS = (
					"DEBUG=1",
					"$(inherited)",
				);
				GCC_WARN_64_TO_32_BIT_CONVERSION = YES;
				GCC_WARN_ABOUT_RETURN_TYPE = YES_ERROR;
				GCC_WARN_UNDECLARED_SELECTOR = YES;
				GCC_WARN_UNINITIALIZED_AUTOS = YES_AGGRESSIVE;
				GCC_WARN_UNUSED_FUNCTION = YES;
				GCC_WARN_UNUSED_VARIABLE = YES;
				IPHONEOS_DEPLOYMENT_TARGET = 10.3;
				MTL_ENABLE_DEBUG_INFO = YES;
				ONLY_ACTIVE_ARCH = YES;
				SDKROOT = iphoneos;
				SWIFT_ACTIVE_COMPILATION_CONDITIONS = DEBUG;
				SWIFT_OPTIMIZATION_LEVEL = "-Onone";
			};
			name = Debug;
		};
		42A90A211F6A8B90001577D0 /* Release */ = {
			isa = XCBuildConfiguration;
			buildSettings = {
				ALWAYS_SEARCH_USER_PATHS = NO;
				CLANG_ANALYZER_NONNULL = YES;
				CLANG_ANALYZER_NUMBER_OBJECT_CONVERSION = YES_AGGRESSIVE;
				CLANG_CXX_LANGUAGE_STANDARD = "gnu++0x";
				CLANG_CXX_LIBRARY = "libc++";
				CLANG_ENABLE_MODULES = YES;
				CLANG_ENABLE_OBJC_ARC = YES;
				CLANG_WARN_BOOL_CONVERSION = YES;
				CLANG_WARN_CONSTANT_CONVERSION = YES;
				CLANG_WARN_DIRECT_OBJC_ISA_USAGE = YES_ERROR;
				CLANG_WARN_DOCUMENTATION_COMMENTS = YES;
				CLANG_WARN_EMPTY_BODY = YES;
				CLANG_WARN_ENUM_CONVERSION = YES;
				CLANG_WARN_INFINITE_RECURSION = YES;
				CLANG_WARN_INT_CONVERSION = YES;
				CLANG_WARN_OBJC_ROOT_CLASS = YES_ERROR;
				CLANG_WARN_SUSPICIOUS_MOVE = YES;
				CLANG_WARN_UNREACHABLE_CODE = YES;
				CLANG_WARN__DUPLICATE_METHOD_MATCH = YES;
				"CODE_SIGN_IDENTITY[sdk=iphoneos*]" = "iPhone Developer";
				COPY_PHASE_STRIP = NO;
				DEBUG_INFORMATION_FORMAT = "dwarf-with-dsym";
				ENABLE_NS_ASSERTIONS = NO;
				ENABLE_STRICT_OBJC_MSGSEND = YES;
				GCC_C_LANGUAGE_STANDARD = gnu99;
				GCC_NO_COMMON_BLOCKS = YES;
				GCC_WARN_64_TO_32_BIT_CONVERSION = YES;
				GCC_WARN_ABOUT_RETURN_TYPE = YES_ERROR;
				GCC_WARN_UNDECLARED_SELECTOR = YES;
				GCC_WARN_UNINITIALIZED_AUTOS = YES_AGGRESSIVE;
				GCC_WARN_UNUSED_FUNCTION = YES;
				GCC_WARN_UNUSED_VARIABLE = YES;
				IPHONEOS_DEPLOYMENT_TARGET = 10.3;
				MTL_ENABLE_DEBUG_INFO = NO;
				SDKROOT = iphoneos;
				SWIFT_OPTIMIZATION_LEVEL = "-Owholemodule";
				VALIDATE_PRODUCT = YES;
			};
			name = Release;
		};
		42A90A231F6A8B90001577D0 /* Debug */ = {
			isa = XCBuildConfiguration;
			buildSettings = {
				ASSETCATALOG_COMPILER_APPICON_NAME = AppIcon;
				INFOPLIST_FILE = Study_jankenApp/Info.plist;
				LD_RUNPATH_SEARCH_PATHS = "$(inherited) @executable_path/Frameworks";
				PRODUCT_BUNDLE_IDENTIFIER = "com.daichihayashi.Study-jankenApp";
				PRODUCT_NAME = "$(TARGET_NAME)";
				SWIFT_VERSION = 3.0;
			};
			name = Debug;
		};
		42A90A241F6A8B90001577D0 /* Release */ = {
			isa = XCBuildConfiguration;
			buildSettings = {
				ASSETCATALOG_COMPILER_APPICON_NAME = AppIcon;
				INFOPLIST_FILE = Study_jankenApp/Info.plist;
				LD_RUNPATH_SEARCH_PATHS = "$(inherited) @executable_path/Frameworks";
				PRODUCT_BUNDLE_IDENTIFIER = "com.daichihayashi.Study-jankenApp";
				PRODUCT_NAME = "$(TARGET_NAME)";
				SWIFT_VERSION = 3.0;
			};
			name = Release;
		};
/* End XCBuildConfiguration section */

/* Begin XCConfigurationList section */
		42A90A0B1F6A8B90001577D0 /* Build configuration list for PBXProject "Study_jankenApp" */ = {
			isa = XCConfigurationList;
			buildConfigurations = (
				42A90A201F6A8B90001577D0 /* Debug */,
				42A90A211F6A8B90001577D0 /* Release */,
			);
			defaultConfigurationIsVisible = 0;
			defaultConfigurationName = Release;
		};
		42A90A221F6A8B90001577D0 /* Build configuration list for PBXNativeTarget "Study_jankenApp" */ = {
			isa = XCConfigurationList;
			buildConfigurations = (
				42A90A231F6A8B90001577D0 /* Debug */,
				42A90A241F6A8B90001577D0 /* Release */,
			);
			defaultConfigurationIsVisible = 0;
		};
/* End XCConfigurationList section */
	};
	rootObject = 42A90A081F6A8B90001577D0 /* Project object */;
}
